
Microsoft Visual Studio Solution File, Format Version 12.00
# Visual Studio Version 17
VisualStudioVersion = 17.4.33205.214
MinimumVisualStudioVersion = 10.0.40219.1
Project("{FAE04EC0-301F-11D3-BF4B-00C04F79EFBC}") = "StudentApp", "StudentApp\StudentApp.csproj", "{42344C89-1AAC-41B0-90BC-2D9A2941CCDD}"
EndProject
Global
	GlobalSection(SolutionConfigurationPlatforms) = preSolution
		Debug|Any CPU = Debug|Any CPU
		Release|Any CPU = Release|Any CPU
	EndGlobalSection
	GlobalSection(ProjectConfigurationPlatforms) = postSolution
		{42344C89-1AAC-41B0-90BC-2D9A2941CCDD}.Debug|Any CPU.ActiveCfg = Debug|Any CPU
		{42344C89-1AAC-41B0-90BC-2D9A2941CCDD}.Debug|Any CPU.Build.0 = Debug|Any CPU
		{42344C89-1AAC-41B0-90BC-2D9A2941CCDD}.Release|Any CPU.ActiveCfg = Release|Any CPU
		{42344C89-1AAC-41B0-90BC-2D9A2941CCDD}.Release|Any CPU.Build.0 = Release|Any CPU
	EndGlobalSection
	GlobalSection(SolutionProperties) = preSolution
		HideSolutionNode = FALSE
	EndGlobalSection
	GlobalSection(ExtensibilityGlobals) = postSolution
		SolutionGuid = {A673E8F4-8865-436D-B630-AF0FA9E3C3CC}
	EndGlobalSection
EndGlobal
